// !$*UTF8*$!
{
	archiveVersion = 1;
	classes = {
	};
	objectVersion = 55;
	objects = {

/* Begin PBXBuildFile section */
		7CF8B88928C4DEFD000B8555 /* _0220904swiftuitestApp.swift in Sources */ = {isa = PBXBuildFile; fileRef = 7CF8B88828C4DEFD000B8555 /* _0220904swiftuitestApp.swift */; };
		7CF8B88B28C4DEFD000B8555 /* ContentView.swift in Sources */ = {isa = PBXBuildFile; fileRef = 7CF8B88A28C4DEFD000B8555 /* ContentView.swift */; };
		7CF8B88D28C4DEFF000B8555 /* Assets.xcassets in Resources */ = {isa = PBXBuildFile; fileRef = 7CF8B88C28C4DEFF000B8555 /* Assets.xcassets */; };
		7CF8B89028C4DEFF000B8555 /* Preview Assets.xcassets in Resources */ = {isa = PBXBuildFile; fileRef = 7CF8B88F28C4DEFF000B8555 /* Preview Assets.xcassets */; };
		7CF8B89A28C4DEFF000B8555 /* _0220904swiftuitestTests.swift in Sources */ = {isa = PBXBuildFile; fileRef = 7CF8B89928C4DEFF000B8555 /* _0220904swiftuitestTests.swift */; };
		7CF8B8A428C4DF00000B8555 /* _0220904swiftuitestUITests.swift in Sources */ = {isa = PBXBuildFile; fileRef = 7CF8B8A328C4DF00000B8555 /* _0220904swiftuitestUITests.swift */; };
		7CF8B8A628C4DF00000B8555 /* _0220904swiftuitestUITestsLaunchTests.swift in Sources */ = {isa = PBXBuildFile; fileRef = 7CF8B8A528C4DF00000B8555 /* _0220904swiftuitestUITestsLaunchTests.swift */; };
/* End PBXBuildFile section */

/* Begin PBXContainerItemProxy section */
		7CF8B89628C4DEFF000B8555 /* PBXContainerItemProxy */ = {
			isa = PBXContainerItemProxy;
			containerPortal = 7CF8B87D28C4DEFD000B8555 /* Project object */;
			proxyType = 1;
			remoteGlobalIDString = 7CF8B88428C4DEFD000B8555;
			remoteInfo = 20220904swiftuitest;
		};
		7CF8B8A028C4DF00000B8555 /* PBXContainerItemProxy */ = {
			isa = PBXContainerItemProxy;
			containerPortal = 7CF8B87D28C4DEFD000B8555 /* Project object */;
			proxyType = 1;
			remoteGlobalIDString = 7CF8B88428C4DEFD000B8555;
			remoteInfo = 20220904swiftuitest;
		};
/* End PBXContainerItemProxy section */

/* Begin PBXFileReference section */
		7CF8B88528C4DEFD000B8555 /* 20220904swiftuitest.app */ = {isa = PBXFileReference; explicitFileType = wrapper.application; includeInIndex = 0; path = 20220904swiftuitest.app; sourceTree = BUILT_PRODUCTS_DIR; };
		7CF8B88828C4DEFD000B8555 /* _0220904swiftuitestApp.swift */ = {isa = PBXFileReference; lastKnownFileType = sourcecode.swift; path = _0220904swiftuitestApp.swift; sourceTree = "<group>"; };
		7CF8B88A28C4DEFD000B8555 /* ContentView.swift */ = {isa = PBXFileReference; lastKnownFileType = sourcecode.swift; path = ContentView.swift; sourceTree = "<group>"; };
		7CF8B88C28C4DEFF000B8555 /* Assets.xcassets */ = {isa = PBXFileReference; lastKnownFileType = folder.assetcatalog; path = Assets.xcassets; sourceTree = "<group>"; };
		7CF8B88F28C4DEFF000B8555 /* Preview Assets.xcassets */ = {isa = PBXFileReference; lastKnownFileType = folder.assetcatalog; path = "Preview Assets.xcassets"; sourceTree = "<group>"; };
		7CF8B89528C4DEFF000B8555 /* 20220904swiftuitestTests.xctest */ = {isa = PBXFileReference; explicitFileType = wrapper.cfbundle; includeInIndex = 0; path = 20220904swiftuitestTests.xctest; sourceTree = BUILT_PRODUCTS_DIR; };
		7CF8B89928C4DEFF000B8555 /* _0220904swiftuitestTests.swift */ = {isa = PBXFileReference; lastKnownFileType = sourcecode.swift; path = _0220904swiftuitestTests.swift; sourceTree = "<group>"; };
		7CF8B89F28C4DF00000B8555 /* 20220904swiftuitestUITests.xctest */ = {isa = PBXFileReference; explicitFileType = wrapper.cfbundle; includeInIndex = 0; path = 20220904swiftuitestUITests.xctest; sourceTree = BUILT_PRODUCTS_DIR; };
		7CF8B8A328C4DF00000B8555 /* _0220904swiftuitestUITests.swift */ = {isa = PBXFileReference; lastKnownFileType = sourcecode.swift; path = _0220904swiftuitestUITests.swift; sourceTree = "<group>"; };
		7CF8B8A528C4DF00000B8555 /* _0220904swiftuitestUITestsLaunchTests.swift */ = {isa = PBXFileReference; lastKnownFileType = sourcecode.swift; path = _0220904swiftuitestUITestsLaunchTests.swift; sourceTree = "<group>"; };
/* End PBXFileReference section */

/* Begin PBXFrameworksBuildPhase section */
		7CF8B88228C4DEFD000B8555 /* Frameworks */ = {
			isa = PBXFrameworksBuildPhase;
			buildActionMask = 2147483647;
			files = (
			);
			runOnlyForDeploymentPostprocessing = 0;
		};
		7CF8B89228C4DEFF000B8555 /* Frameworks */ = {
			isa = PBXFrameworksBuildPhase;
			buildActionMask = 2147483647;
			files = (
			);
			runOnlyForDeploymentPostprocessing = 0;
		};
		7CF8B89C28C4DF00000B8555 /* Frameworks */ = {
			isa = PBXFrameworksBuildPhase;
			buildActionMask = 2147483647;
			files = (
			);
			runOnlyForDeploymentPostprocessing = 0;
		};
/* End PBXFrameworksBuildPhase section */

/* Begin PBXGroup section */
		7CF8B87C28C4DEFD000B8555 = {
			isa = PBXGroup;
			children = (
				7CF8B88728C4DEFD000B8555 /* 20220904swiftuitest */,
				7CF8B89828C4DEFF000B8555 /* 20220904swiftuitestTests */,
				7CF8B8A228C4DF00000B8555 /* 20220904swiftuitestUITests */,
				7CF8B88628C4DEFD000B8555 /* Products */,
			);
			sourceTree = "<group>";
		};
		7CF8B88628C4DEFD000B8555 /* Products */ = {
			isa = PBXGroup;
			children = (
				7CF8B88528C4DEFD000B8555 /* 20220904swiftuitest.app */,
				7CF8B89528C4DEFF000B8555 /* 20220904swiftuitestTests.xctest */,
				7CF8B89F28C4DF00000B8555 /* 20220904swiftuitestUITests.xctest */,
			);
			name = Products;
			sourceTree = "<group>";
		};
		7CF8B88728C4DEFD000B8555 /* 20220904swiftuitest */ = {
			isa = PBXGroup;
			children = (
				7CF8B88828C4DEFD000B8555 /* _0220904swiftuitestApp.swift */,
				7CF8B88A28C4DEFD000B8555 /* ContentView.swift */,
				7CF8B88C28C4DEFF000B8555 /* Assets.xcassets */,
				7CF8B88E28C4DEFF000B8555 /* Preview Content */,
			);
			path = 20220904swiftuitest;
			sourceTree = "<group>";
		};
		7CF8B88E28C4DEFF000B8555 /* Preview Content */ = {
			isa = PBXGroup;
			children = (
				7CF8B88F28C4DEFF000B8555 /* Preview Assets.xcassets */,
			);
			path = "Preview Content";
			sourceTree = "<group>";
		};
		7CF8B89828C4DEFF000B8555 /* 20220904swiftuitestTests */ = {
			isa = PBXGroup;
			children = (
				7CF8B89928C4DEFF000B8555 /* _0220904swiftuitestTests.swift */,
			);
			path = 20220904swiftuitestTests;
			sourceTree = "<group>";
		};
		7CF8B8A228C4DF00000B8555 /* 20220904swiftuitestUITests */ = {
			isa = PBXGroup;
			children = (
				7CF8B8A328C4DF00000B8555 /* _0220904swiftuitestUITests.swift */,
				7CF8B8A528C4DF00000B8555 /* _0220904swiftuitestUITestsLaunchTests.swift */,
			);
			path = 20220904swiftuitestUITests;
			sourceTree = "<group>";
		};
/* End PBXGroup section */

/* Begin PBXNativeTarget section */
		7CF8B88428C4DEFD000B8555 /* 20220904swiftuitest */ = {
			isa = PBXNativeTarget;
			buildConfigurationList = 7CF8B8A928C4DF00000B8555 /* Build configuration list for PBXNativeTarget "20220904swiftuitest" */;
			buildPhases = (
				7CF8B88128C4DEFD000B8555 /* Sources */,
				7CF8B88228C4DEFD000B8555 /* Frameworks */,
				7CF8B88328C4DEFD000B8555 /* Resources */,
			);
			buildRules = (
			);
			dependencies = (
			);
			name = 20220904swiftuitest;
			productName = 20220904swiftuitest;
			productReference = 7CF8B88528C4DEFD000B8555 /* 20220904swiftuitest.app */;
			productType = "com.apple.product-type.application";
		};
		7CF8B89428C4DEFF000B8555 /* 20220904swiftuitestTests */ = {
			isa = PBXNativeTarget;
			buildConfigurationList = 7CF8B8AC28C4DF00000B8555 /* Build configuration list for PBXNativeTarget "20220904swiftuitestTests" */;
			buildPhases = (
				7CF8B89128C4DEFF000B8555 /* Sources */,
				7CF8B89228C4DEFF000B8555 /* Frameworks */,
				7CF8B89328C4DEFF000B8555 /* Resources */,
			);
			buildRules = (
			);
			dependencies = (
				7CF8B89728C4DEFF000B8555 /* PBXTargetDependency */,
			);
			name = 20220904swiftuitestTests;
			productName = 20220904swiftuitestTests;
			productReference = 7CF8B89528C4DEFF000B8555 /* 20220904swiftuitestTests.xctest */;
			productType = "com.apple.product-type.bundle.unit-test";
		};
		7CF8B89E28C4DF00000B8555 /* 20220904swiftuitestUITests */ = {
			isa = PBXNativeTarget;
			buildConfigurationList = 7CF8B8AF28C4DF00000B8555 /* Build configuration list for PBXNativeTarget "20220904swiftuitestUITests" */;
			buildPhases = (
				7CF8B89B28C4DF00000B8555 /* Sources */,
				7CF8B89C28C4DF00000B8555 /* Frameworks */,
				7CF8B89D28C4DF00000B8555 /* Resources */,
			);
			buildRules = (
			);
			dependencies = (
				7CF8B8A128C4DF00000B8555 /* PBXTargetDependency */,
			);
			name = 20220904swiftuitestUITests;
			productName = 20220904swiftuitestUITests;
			productReference = 7CF8B89F28C4DF00000B8555 /* 20220904swiftuitestUITests.xctest */;
			productType = "com.apple.product-type.bundle.ui-testing";
		};
/* End PBXNativeTarget section */

/* Begin PBXProject section */
		7CF8B87D28C4DEFD000B8555 /* Project object */ = {
			isa = PBXProject;
			attributes = {
				BuildIndependentTargetsInParallel = 1;
				LastSwiftUpdateCheck = 1340;
				LastUpgradeCheck = 1340;
				TargetAttributes = {
					7CF8B88428C4DEFD000B8555 = {
						CreatedOnToolsVersion = 13.4.1;
					};
					7CF8B89428C4DEFF000B8555 = {
						CreatedOnToolsVersion = 13.4.1;
						TestTargetID = 7CF8B88428C4DEFD000B8555;
					};
					7CF8B89E28C4DF00000B8555 = {
						CreatedOnToolsVersion = 13.4.1;
						TestTargetID = 7CF8B88428C4DEFD000B8555;
					};
				};
			};
			buildConfigurationList = 7CF8B88028C4DEFD000B8555 /* Build configuration list for PBXProject "20220904swiftuitest" */;
			compatibilityVersion = "Xcode 13.0";
			developmentRegion = en;
			hasScannedForEncodings = 0;
			knownRegions = (
				en,
				Base,
			);
			mainGroup = 7CF8B87C28C4DEFD000B8555;
			productRefGroup = 7CF8B88628C4DEFD000B8555 /* Products */;
			projectDirPath = "";
			projectRoot = "";
			targets = (
				7CF8B88428C4DEFD000B8555 /* 20220904swiftuitest */,
				7CF8B89428C4DEFF000B8555 /* 20220904swiftuitestTests */,
				7CF8B89E28C4DF00000B8555 /* 20220904swiftuitestUITests */,
			);
		};
/* End PBXProject section */

/* Begin PBXResourcesBuildPhase section */
		7CF8B88328C4DEFD000B8555 /* Resources */ = {
			isa = PBXResourcesBuildPhase;
			buildActionMask = 2147483647;
			files = (
				7CF8B89028C4DEFF000B8555 /* Preview Assets.xcassets in Resources */,
				7CF8B88D28C4DEFF000B8555 /* Assets.xcassets in Resources */,
			);
			runOnlyForDeploymentPostprocessing = 0;
		};
		7CF8B89328C4DEFF000B8555 /* Resources */ = {
			isa = PBXResourcesBuildPhase;
			buildActionMask = 2147483647;
			files = (
			);
			runOnlyForDeploymentPostprocessing = 0;
		};
		7CF8B89D28C4DF00000B8555 /* Resources */ = {
			isa = PBXResourcesBuildPhase;
			buildActionMask = 2147483647;
			files = (
			);
			runOnlyForDeploymentPostprocessing = 0;
		};
/* End PBXResourcesBuildPhase section */

/* Begin PBXSourcesBuildPhase section */
		7CF8B88128C4DEFD000B8555 /* Sources */ = {
			isa = PBXSourcesBuildPhase;
			buildActionMask = 2147483647;
			files = (
				7CF8B88B28C4DEFD000B8555 /* ContentView.swift in Sources */,
				7CF8B88928C4DEFD000B8555 /* _0220904swiftuitestApp.swift in Sources */,
			);
			runOnlyForDeploymentPostprocessing = 0;
		};
		7CF8B89128C4DEFF000B8555 /* Sources */ = {
			isa = PBXSourcesBuildPhase;
			buildActionMask = 2147483647;
			files = (
				7CF8B89A28C4DEFF000B8555 /* _0220904swiftuitestTests.swift in Sources */,
			);
			runOnlyForDeploymentPostprocessing = 0;
		};
		7CF8B89B28C4DF00000B8555 /* Sources */ = {
			isa = PBXSourcesBuildPhase;
			buildActionMask = 2147483647;
			files = (
				7CF8B8A628C4DF00000B8555 /* _0220904swiftuitestUITestsLaunchTests.swift in Sources */,
				7CF8B8A428C4DF00000B8555 /* _0220904swiftuitestUITests.swift in Sources */,
			);
			runOnlyForDeploymentPostprocessing = 0;
		};
/* End PBXSourcesBuildPhase section */

/* Begin PBXTargetDependency section */
		7CF8B89728C4DEFF000B8555 /* PBXTargetDependency */ = {
			isa = PBXTargetDependency;
			target = 7CF8B88428C4DEFD000B8555 /* 20220904swiftuitest */;
			targetProxy = 7CF8B89628C4DEFF000B8555 /* PBXContainerItemProxy */;
		};
		7CF8B8A128C4DF00000B8555 /* PBXTargetDependency */ = {
			isa = PBXTargetDependency;
			target = 7CF8B88428C4DEFD000B8555 /* 20220904swiftuitest */;
			targetProxy = 7CF8B8A028C4DF00000B8555 /* PBXContainerItemProxy */;
		};
/* End PBXTargetDependency section */

/* Begin XCBuildConfiguration section */
		7CF8B8A728C4DF00000B8555 /* Debug */ = {
			isa = XCBuildConfiguration;
			buildSettings = {
				ALWAYS_SEARCH_USER_PATHS = NO;
				CLANG_ANALYZER_NONNULL = YES;
				CLANG_ANALYZER_NUMBER_OBJECT_CONVERSION = YES_AGGRESSIVE;
				CLANG_CXX_LANGUAGE_STANDARD = "gnu++17";
				CLANG_ENABLE_MODULES = YES;
				CLANG_ENABLE_OBJC_ARC = YES;
				CLANG_ENABLE_OBJC_WEAK = YES;
				CLANG_WARN_BLOCK_CAPTURE_AUTORELEASING = YES;
				CLANG_WARN_BOOL_CONVERSION = YES;
				CLANG_WARN_COMMA = YES;
				CLANG_WARN_CONSTANT_CONVERSION = YES;
				CLANG_WARN_DEPRECATED_OBJC_IMPLEMENTATIONS = YES;
				CLANG_WARN_DIRECT_OBJC_ISA_USAGE = YES_ERROR;
				CLANG_WARN_DOCUMENTATION_COMMENTS = YES;
				CLANG_WARN_EMPTY_BODY = YES;
				CLANG_WARN_ENUM_CONVERSION = YES;
				CLANG_WARN_INFINITE_RECURSION = YES;
				CLANG_WARN_INT_CONVERSION = YES;
				CLANG_WARN_NON_LITERAL_NULL_CONVERSION = YES;
				CLANG_WARN_OBJC_IMPLICIT_RETAIN_SELF = YES;
				CLANG_WARN_OBJC_LITERAL_CONVERSION = YES;
				CLANG_WARN_OBJC_ROOT_CLASS = YES_ERROR;
				CLANG_WARN_QUOTED_INCLUDE_IN_FRAMEWORK_HEADER = YES;
				CLANG_WARN_RANGE_LOOP_ANALYSIS = YES;
				CLANG_WARN_STRICT_PROTOTYPES = YES;
				CLANG_WARN_SUSPICIOUS_MOVE = YES;
				CLANG_WARN_UNGUARDED_AVAILABILITY = YES_AGGRESSIVE;
				CLANG_WARN_UNREACHABLE_CODE = YES;
				CLANG_WARN__DUPLICATE_METHOD_MATCH = YES;
				COPY_PHASE_STRIP = NO;
				DEBUG_INFORMATION_FORMAT = dwarf;
				ENABLE_STRICT_OBJC_MSGSEND = YES;
				ENABLE_TESTABILITY = YES;
				GCC_C_LANGUAGE_STANDARD = gnu11;
				GCC_DYNAMIC_NO_PIC = NO;
				GCC_NO_COMMON_BLOCKS = YES;
				GCC_OPTIMIZATION_LEVEL = 0;
				GCC_PREPROCESSOR_DEFINITIONS = (
					"DEBUG=1",
					"$(inherited)",
				);
				GCC_WARN_64_TO_32_BIT_CONVERSION = YES;
				GCC_WARN_ABOUT_RETURN_TYPE = YES_ERROR;
				GCC_WARN_UNDECLARED_SELECTOR = YES;
				GCC_WARN_UNINITIALIZED_AUTOS = YES_AGGRESSIVE;
				GCC_WARN_UNUSED_FUNCTION = YES;
				GCC_WARN_UNUSED_VARIABLE = YES;
				IPHONEOS_DEPLOYMENT_TARGET = 15.5;
				MTL_ENABLE_DEBUG_INFO = INCLUDE_SOURCE;
				MTL_FAST_MATH = YES;
				ONLY_ACTIVE_ARCH = YES;
				SDKROOT = iphoneos;
				SWIFT_ACTIVE_COMPILATION_CONDITIONS = DEBUG;
				SWIFT_OPTIMIZATION_LEVEL = "-Onone";
			};
			name = Debug;
		};
		7CF8B8A828C4DF00000B8555 /* Release */ = {
			isa = XCBuildConfiguration;
			buildSettings = {
				ALWAYS_SEARCH_USER_PATHS = NO;
				CLANG_ANALYZER_NONNULL = YES;
				CLANG_ANALYZER_NUMBER_OBJECT_CONVERSION = YES_AGGRESSIVE;
				CLANG_CXX_LANGUAGE_STANDARD = "gnu++17";
				CLANG_ENABLE_MODULES = YES;
				CLANG_ENABLE_OBJC_ARC = YES;
				CLANG_ENABLE_OBJC_WEAK = YES;
				CLANG_WARN_BLOCK_CAPTURE_AUTORELEASING = YES;
				CLANG_WARN_BOOL_CONVERSION = YES;
				CLANG_WARN_COMMA = YES;
				CLANG_WARN_CONSTANT_CONVERSION = YES;
				CLANG_WARN_DEPRECATED_OBJC_IMPLEMENTATIONS = YES;
				CLANG_WARN_DIRECT_OBJC_ISA_USAGE = YES_ERROR;
				CLANG_WARN_DOCUMENTATION_COMMENTS = YES;
				CLANG_WARN_EMPTY_BODY = YES;
				CLANG_WARN_ENUM_CONVERSION = YES;
				CLANG_WARN_INFINITE_RECURSION = YES;
				CLANG_WARN_INT_CONVERSION = YES;
				CLANG_WARN_NON_LITERAL_NULL_CONVERSION = YES;
				CLANG_WARN_OBJC_IMPLICIT_RETAIN_SELF = YES;
				CLANG_WARN_OBJC_LITERAL_CONVERSION = YES;
				CLANG_WARN_OBJC_ROOT_CLASS = YES_ERROR;
				CLANG_WARN_QUOTED_INCLUDE_IN_FRAMEWORK_HEADER = YES;
				CLANG_WARN_RANGE_LOOP_ANALYSIS = YES;
				CLANG_WARN_STRICT_PROTOTYPES = YES;
				CLANG_WARN_SUSPICIOUS_MOVE = YES;
				CLANG_WARN_UNGUARDED_AVAILABILITY = YES_AGGRESSIVE;
				CLANG_WARN_UNREACHABLE_CODE = YES;
				CLANG_WARN__DUPLICATE_METHOD_MATCH = YES;
				COPY_PHASE_STRIP = NO;
				DEBUG_INFORMATION_FORMAT = "dwarf-with-dsym";
				ENABLE_NS_ASSERTIONS = NO;
				ENABLE_STRICT_OBJC_MSGSEND = YES;
				GCC_C_LANGUAGE_STANDARD = gnu11;
				GCC_NO_COMMON_BLOCKS = YES;
				GCC_WARN_64_TO_32_BIT_CONVERSION = YES;
				GCC_WARN_ABOUT_RETURN_TYPE = YES_ERROR;
				GCC_WARN_UNDECLARED_SELECTOR = YES;
				GCC_WARN_UNINITIALIZED_AUTOS = YES_AGGRESSIVE;
				GCC_WARN_UNUSED_FUNCTION = YES;
				GCC_WARN_UNUSED_VARIABLE = YES;
				IPHONEOS_DEPLOYMENT_TARGET = 15.5;
				MTL_ENABLE_DEBUG_INFO = NO;
				MTL_FAST_MATH = YES;
				SDKROOT = iphoneos;
				SWIFT_COMPILATION_MODE = wholemodule;
				SWIFT_OPTIMIZATION_LEVEL = "-O";
				VALIDATE_PRODUCT = YES;
			};
			name = Release;
		};
		7CF8B8AA28C4DF00000B8555 /* Debug */ = {
			isa = XCBuildConfiguration;
			buildSettings = {
				ASSETCATALOG_COMPILER_APPICON_NAME = AppIcon;
				ASSETCATALOG_COMPILER_GLOBAL_ACCENT_COLOR_NAME = AccentColor;
				CODE_SIGN_STYLE = Automatic;
				CURRENT_PROJECT_VERSION = 1;
				DEVELOPMENT_ASSET_PATHS = "\"20220904swiftuitest/Preview Content\"";
				DEVELOPMENT_TEAM = F9L94B5MBK;
				ENABLE_PREVIEWS = YES;
				GENERATE_INFOPLIST_FILE = YES;
				INFOPLIST_KEY_UIApplicationSceneManifest_Generation = YES;
				INFOPLIST_KEY_UIApplicationSupportsIndirectInputEvents = YES;
				INFOPLIST_KEY_UILaunchScreen_Generation = YES;
				INFOPLIST_KEY_UISupportedInterfaceOrientations_iPad = "UIInterfaceOrientationPortrait UIInterfaceOrientationPortraitUpsideDown UIInterfaceOrientationLandscapeLeft UIInterfaceOrientationLandscapeRight";
				INFOPLIST_KEY_UISupportedInterfaceOrientations_iPhone = "UIInterfaceOrientationPortrait UIInterfaceOrientationLandscapeLeft UIInterfaceOrientationLandscapeRight";
				LD_RUNPATH_SEARCH_PATHS = (
					"$(inherited)",
					"@executable_path/Frameworks",
				);
				MARKETING_VERSION = 1.0;
				PRODUCT_BUNDLE_IDENTIFIER = "com.haku.myapp.-0220904swiftuitest";
				PRODUCT_NAME = "$(TARGET_NAME)";
				SWIFT_EMIT_LOC_STRINGS = YES;
				SWIFT_VERSION = 5.0;
				TARGETED_DEVICE_FAMILY = "1,2";
			};
			name = Debug;
		};
		7CF8B8AB28C4DF00000B8555 /* Release */ = {
			isa = XCBuildConfiguration;
			buildSettings = {
				ASSETCATALOG_COMPILER_APPICON_NAME = AppIcon;
				ASSETCATALOG_COMPILER_GLOBAL_ACCENT_COLOR_NAME = AccentColor;
				CODE_SIGN_STYLE = Automatic;
				CURRENT_PROJECT_VERSION = 1;
				DEVELOPMENT_ASSET_PATHS = "\"20220904swiftuitest/Preview Content\"";
				DEVELOPMENT_TEAM = F9L94B5MBK;
				ENABLE_PREVIEWS = YES;
				GENERATE_INFOPLIST_FILE = YES;
				INFOPLIST_KEY_UIApplicationSceneManifest_Generation = YES;
				INFOPLIST_KEY_UIApplicationSupportsIndirectInputEvents = YES;
				INFOPLIST_KEY_UILaunchScreen_Generation = YES;
				INFOPLIST_KEY_UISupportedInterfaceOrientations_iPad = "UIInterfaceOrientationPortrait UIInterfaceOrientationPortraitUpsideDown UIInterfaceOrientationLandscapeLeft UIInterfaceOrientationLandscapeRight";
				INFOPLIST_KEY_UISupportedInterfaceOrientations_iPhone = "UIInterfaceOrientationPortrait UIInterfaceOrientationLandscapeLeft UIInterfaceOrientationLandscapeRight";
				LD_RUNPATH_SEARCH_PATHS = (
					"$(inherited)",
					"@executable_path/Frameworks",
				);
				MARKETING_VERSION = 1.0;
				PRODUCT_BUNDLE_IDENTIFIER = "com.haku.myapp.-0220904swiftuitest";
				PRODUCT_NAME = "$(TARGET_NAME)";
				SWIFT_EMIT_LOC_STRINGS = YES;
				SWIFT_VERSION = 5.0;
				TARGETED_DEVICE_FAMILY = "1,2";
			};
			name = Release;
		};
		7CF8B8AD28C4DF00000B8555 /* Debug */ = {
			isa = XCBuildConfiguration;
			buildSettings = {
				ALWAYS_EMBED_SWIFT_STANDARD_LIBRARIES = YES;
				BUNDLE_LOADER = "$(TEST_HOST)";
				CODE_SIGN_STYLE = Automatic;
				CURRENT_PROJECT_VERSION = 1;
				DEVELOPMENT_TEAM = F9L94B5MBK;
				GENERATE_INFOPLIST_FILE = YES;
				IPHONEOS_DEPLOYMENT_TARGET = 15.5;
				MARKETING_VERSION = 1.0;
				PRODUCT_BUNDLE_IDENTIFIER = "com.haku.myapp.-0220904swiftuitestTests";
				PRODUCT_NAME = "$(TARGET_NAME)";
				SWIFT_EMIT_LOC_STRINGS = NO;
				SWIFT_VERSION = 5.0;
				TARGETED_DEVICE_FAMILY = "1,2";
				TEST_HOST = "$(BUILT_PRODUCTS_DIR)/20220904swiftuitest.app/20220904swiftuitest";
			};
			name = Debug;
		};
		7CF8B8AE28C4DF00000B8555 /* Release */ = {
			isa = XCBuildConfiguration;
			buildSettings = {
				ALWAYS_EMBED_SWIFT_STANDARD_LIBRARIES = YES;
				BUNDLE_LOADER = "$(TEST_HOST)";
				CODE_SIGN_STYLE = Automatic;
				CURRENT_PROJECT_VERSION = 1;
				DEVELOPMENT_TEAM = F9L94B5MBK;
				GENERATE_INFOPLIST_FILE = YES;
				IPHONEOS_DEPLOYMENT_TARGET = 15.5;
				MARKETING_VERSION = 1.0;
				PRODUCT_BUNDLE_IDENTIFIER = "com.haku.myapp.-0220904swiftuitestTests";
				PRODUCT_NAME = "$(TARGET_NAME)";
				SWIFT_EMIT_LOC_STRINGS = NO;
				SWIFT_VERSION = 5.0;
				TARGETED_DEVICE_FAMILY = "1,2";
				TEST_HOST = "$(BUILT_PRODUCTS_DIR)/20220904swiftuitest.app/20220904swiftuitest";
			};
			name = Release;
		};
		7CF8B8B028C4DF00000B8555 /* Debug */ = {
			isa = XCBuildConfiguration;
			buildSettings = {
				ALWAYS_EMBED_SWIFT_STANDARD_LIBRARIES = YES;
				CODE_SIGN_STYLE = Automatic;
				CURRENT_PROJECT_VERSION = 1;
				DEVELOPMENT_TEAM = F9L94B5MBK;
				GENERATE_INFOPLIST_FILE = YES;
				MARKETING_VERSION = 1.0;
				PRODUCT_BUNDLE_IDENTIFIER = "com.haku.myapp.-0220904swiftuitestUITests";
				PRODUCT_NAME = "$(TARGET_NAME)";
				SWIFT_EMIT_LOC_STRINGS = NO;
				SWIFT_VERSION = 5.0;
				TARGETED_DEVICE_FAMILY = "1,2";
				TEST_TARGET_NAME = 20220904swiftuitest;
			};
			name = Debug;
		};
		7CF8B8B128C4DF00000B8555 /* Release */ = {
			isa = XCBuildConfiguration;
			buildSettings = {
				ALWAYS_EMBED_SWIFT_STANDARD_LIBRARIES = YES;
				CODE_SIGN_STYLE = Automatic;
				CURRENT_PROJECT_VERSION = 1;
				DEVELOPMENT_TEAM = F9L94B5MBK;
				GENERATE_INFOPLIST_FILE = YES;
				MARKETING_VERSION = 1.0;
				PRODUCT_BUNDLE_IDENTIFIER = "com.haku.myapp.-0220904swiftuitestUITests";
				PRODUCT_NAME = "$(TARGET_NAME)";
				SWIFT_EMIT_LOC_STRINGS = NO;
				SWIFT_VERSION = 5.0;
				TARGETED_DEVICE_FAMILY = "1,2";
				TEST_TARGET_NAME = 20220904swiftuitest;
			};
			name = Release;
		};
/* End XCBuildConfiguration section */

/* Begin XCConfigurationList section */
		7CF8B88028C4DEFD000B8555 /* Build configuration list for PBXProject "20220904swiftuitest" */ = {
			isa = XCConfigurationList;
			buildConfigurations = (
				7CF8B8A728C4DF00000B8555 /* Debug */,
				7CF8B8A828C4DF00000B8555 /* Release */,
			);
			defaultConfigurationIsVisible = 0;
			defaultConfigurationName = Release;
		};
		7CF8B8A928C4DF00000B8555 /* Build configuration list for PBXNativeTarget "20220904swiftuitest" */ = {
			isa = XCConfigurationList;
			buildConfigurations = (
				7CF8B8AA28C4DF00000B8555 /* Debug */,
				7CF8B8AB28C4DF00000B8555 /* Release */,
			);
			defaultConfigurationIsVisible = 0;
			defaultConfigurationName = Release;
		};
		7CF8B8AC28C4DF00000B8555 /* Build configuration list for PBXNativeTarget "20220904swiftuitestTests" */ = {
			isa = XCConfigurationList;
			buildConfigurations = (
				7CF8B8AD28C4DF00000B8555 /* Debug */,
				7CF8B8AE28C4DF00000B8555 /* Release */,
			);
			defaultConfigurationIsVisible = 0;
			defaultConfigurationName = Release;
		};
		7CF8B8AF28C4DF00000B8555 /* Build configuration list for PBXNativeTarget "20220904swiftuitestUITests" */ = {
			isa = XCConfigurationList;
			buildConfigurations = (
				7CF8B8B028C4DF00000B8555 /* Debug */,
				7CF8B8B128C4DF00000B8555 /* Release */,
			);
			defaultConfigurationIsVisible = 0;
			defaultConfigurationName = Release;
		};
/* End XCConfigurationList section */
	};
	rootObject = 7CF8B87D28C4DEFD000B8555 /* Project object */;
}
